
Microsoft Visual Studio Solution File, Format Version 12.00
# Visual Studio Version 17
VisualStudioVersion = 17.9.34622.214
MinimumVisualStudioVersion = 10.0.40219.1
Project("{FAE04EC0-301F-11D3-BF4B-00C04F79EFBC}") = "Adeunis_Com", "Adenuis_Com\Adeunis_Com.csproj", "{0BE37C5C-6FC3-4424-BA60-46819822859E}"
EndProject
Global
	GlobalSection(SolutionConfigurationPlatforms) = preSolution
		Debug|Any CPU = Debug|Any CPU
		Release|Any CPU = Release|Any CPU
	EndGlobalSection
	GlobalSection(ProjectConfigurationPlatforms) = postSolution
		{0BE37C5C-6FC3-4424-BA60-46819822859E}.Debug|Any CPU.ActiveCfg = Debug|Any CPU
		{0BE37C5C-6FC3-4424-BA60-46819822859E}.Debug|Any CPU.Build.0 = Debug|Any CPU
		{0BE37C5C-6FC3-4424-BA60-46819822859E}.Release|Any CPU.ActiveCfg = Release|Any CPU
		{0BE37C5C-6FC3-4424-BA60-46819822859E}.Release|Any CPU.Build.0 = Release|Any CPU
	EndGlobalSection
	GlobalSection(SolutionProperties) = preSolution
		HideSolutionNode = FALSE
	EndGlobalSection
	GlobalSection(ExtensibilityGlobals) = postSolution
		SolutionGuid = {62719962-ADAB-4ED7-9A52-8AC9E63FB4CF}
	EndGlobalSection
EndGlobal
